{
  "name": "multiplayertwinetemplate",
  "version": "0.0.1",
  "lockfileVersion": 2,
  "requires": true,
  "packages": {
    "": {
      "name": "multiplayertwinetemplate",
      "version": "0.0.1",
      "license": "MIT",
      "devDependencies": {
        "@types/twine-sugarcube": "^2.36.2",
        "typescript": "^4.7.2"
      }
    },
    "node_modules/@types/jquery": {
      "version": "3.5.13",
      "resolved": "https://registry.npmjs.org/@types/jquery/-/jquery-3.5.13.tgz",
      "integrity": "sha512-ZxJrup8nz/ZxcU0vantG+TPdboMhB24jad2uSap50zE7Q9rUeYlCF25kFMSmHR33qoeOgqcdHEp3roaookC0Sg==",
      "dev": true,
      "dependencies": {
        "@types/sizzle": "*"
      }
    },
    "node_modules/@types/sizzle": {
      "version": "2.3.3",
      "resolved": "https://registry.npmjs.org/@types/sizzle/-/sizzle-2.3.3.tgz",
      "integrity": "sha512-JYM8x9EGF163bEyhdJBpR2QX1R5naCJHC8ucJylJ3w9/CVBaskdQ8WqBf8MmQrd1kRvp/a4TS8HJ+bxzR7ZJYQ==",
      "dev": true
    },
    "node_modules/@types/twine-sugarcube": {
      "version": "2.36.2",
      "resolved": "https://registry.npmjs.org/@types/twine-sugarcube/-/twine-sugarcube-2.36.2.tgz",
      "integrity": "sha512-7ceeaWNnqFx7fospBde1JCVmWo2IPGH/Typ16KhWvnLwZ2KINM5wh/tumSq0yQ70MeTCc2d6z+vqoCyCTRkYoA==",
      "dev": true,
      "dependencies": {
        "@types/jquery": "*"
      }
    },
    "node_modules/typescript": {
      "version": "4.7.2",
      "resolved": "https://registry.npmjs.org/typescript/-/typescript-4.7.2.tgz",
      "integrity": "sha512-Mamb1iX2FDUpcTRzltPxgWMKy3fhg0TN378ylbktPGPK/99KbDtMQ4W1hwgsbPAsG3a0xKa1vmw4VKZQbkvz5A==",
      "dev": true,
      "bin": {
        "tsc": "bin/tsc",
        "tsserver": "bin/tsserver"
      },
      "engines": {
        "node": ">=4.2.0"
      }
    }
  },
  "dependencies": {
    "@types/jquery": {
      "version": "3.5.13",
      "resolved": "https://registry.npmjs.org/@types/jquery/-/jquery-3.5.13.tgz",
      "integrity": "sha512-ZxJrup8nz/ZxcU0vantG+TPdboMhB24jad2uSap50zE7Q9rUeYlCF25kFMSmHR33qoeOgqcdHEp3roaookC0Sg==",
      "dev": true,
      "requires": {
        "@types/sizzle": "*"
      }
    },
    "@types/sizzle": {
      "version": "2.3.3",
      "resolved": "https://registry.npmjs.org/@types/sizzle/-/sizzle-2.3.3.tgz",
      "integrity": "sha512-JYM8x9EGF163bEyhdJBpR2QX1R5naCJHC8ucJylJ3w9/CVBaskdQ8WqBf8MmQrd1kRvp/a4TS8HJ+bxzR7ZJYQ==",
      "dev": true
    },
    "@types/twine-sugarcube": {
      "version": "2.36.2",
      "resolved": "https://registry.npmjs.org/@types/twine-sugarcube/-/twine-sugarcube-2.36.2.tgz",
      "integrity": "sha512-7ceeaWNnqFx7fospBde1JCVmWo2IPGH/Typ16KhWvnLwZ2KINM5wh/tumSq0yQ70MeTCc2d6z+vqoCyCTRkYoA==",
      "dev": true,
      "requires": {
        "@types/jquery": "*"
      }
    },
    "typescript": {
      "version": "4.7.2",
      "resolved": "https://registry.npmjs.org/typescript/-/typescript-4.7.2.tgz",
      "integrity": "sha512-Mamb1iX2FDUpcTRzltPxgWMKy3fhg0TN378ylbktPGPK/99KbDtMQ4W1hwgsbPAsG3a0xKa1vmw4VKZQbkvz5A==",
      "dev": true
    }
  }
}
